
Microsoft Visual Studio Solution File, Format Version 12.00
# Visual Studio Version 17
VisualStudioVersion = 17.6.33815.320
MinimumVisualStudioVersion = 10.0.40219.1
Project("{9A19103F-16F7-4668-BE54-9A1E7A4F7556}") = "PracticeWebApplication", "PracticeWebApplication\PracticeWebApplication.csproj", "{87D905F0-E888-4A79-B006-F43FD13DE0B6}"
EndProject
Global
	GlobalSection(SolutionConfigurationPlatforms) = preSolution
		Debug|Any CPU = Debug|Any CPU
		Release|Any CPU = Release|Any CPU
	EndGlobalSection
	GlobalSection(ProjectConfigurationPlatforms) = postSolution
		{87D905F0-E888-4A79-B006-F43FD13DE0B6}.Debug|Any CPU.ActiveCfg = Debug|Any CPU
		{87D905F0-E888-4A79-B006-F43FD13DE0B6}.Debug|Any CPU.Build.0 = Debug|Any CPU
		{87D905F0-E888-4A79-B006-F43FD13DE0B6}.Release|Any CPU.ActiveCfg = Release|Any CPU
		{87D905F0-E888-4A79-B006-F43FD13DE0B6}.Release|Any CPU.Build.0 = Release|Any CPU
	EndGlobalSection
	GlobalSection(SolutionProperties) = preSolution
		HideSolutionNode = FALSE
	EndGlobalSection
	GlobalSection(ExtensibilityGlobals) = postSolution
		SolutionGuid = {B4D4E420-CE4C-4472-9CC0-1E57AC93F5E1}
	EndGlobalSection
EndGlobal
